// !$*UTF8*$!
{
	archiveVersion = 1;
	classes = {
	};
	objectVersion = 56;
	objects = {

/* Begin PBXBuildFile section */
		EB0EEA182AC6BDBF00919AF8 /* ExerciseDetailViewController.swift in Sources */ = {isa = PBXBuildFile; fileRef = EB0EEA172AC6BDBF00919AF8 /* ExerciseDetailViewController.swift */; };
		EB0EEA1A2AC6BDD500919AF8 /* ExerciseViewModel.swift in Sources */ = {isa = PBXBuildFile; fileRef = EB0EEA192AC6BDD500919AF8 /* ExerciseViewModel.swift */; };
		EB0EEA1C2AC6F21E00919AF8 /* CameraViewController.swift in Sources */ = {isa = PBXBuildFile; fileRef = EB0EEA1B2AC6F21E00919AF8 /* CameraViewController.swift */; };
		EB0EEA1E2AC6F24D00919AF8 /* CameraView.swift in Sources */ = {isa = PBXBuildFile; fileRef = EB0EEA1D2AC6F24D00919AF8 /* CameraView.swift */; };
		EB1364A92A28C3FB008A91B3 /* SpeechRecognition.swift in Sources */ = {isa = PBXBuildFile; fileRef = EB1364A82A28C3FB008A91B3 /* SpeechRecognition.swift */; };
		EB1364AF2A29218A008A91B3 /* EyeTestCoordinator.swift in Sources */ = {isa = PBXBuildFile; fileRef = EB1364AE2A29218A008A91B3 /* EyeTestCoordinator.swift */; };
		EB1364B12A2932C9008A91B3 /* TabBarController.swift in Sources */ = {isa = PBXBuildFile; fileRef = EB1364B02A2932C9008A91B3 /* TabBarController.swift */; };
		EB1364B32A2937C6008A91B3 /* StatisticsViewController.swift in Sources */ = {isa = PBXBuildFile; fileRef = EB1364B22A2937C6008A91B3 /* StatisticsViewController.swift */; };
		EB1364B52A29EEB1008A91B3 /* EyeExerciseViewController.swift in Sources */ = {isa = PBXBuildFile; fileRef = EB1364B42A29EEB1008A91B3 /* EyeExerciseViewController.swift */; };
		EB1364B82A2A070D008A91B3 /* CustomARView.swift in Sources */ = {isa = PBXBuildFile; fileRef = EB1364B72A2A070D008A91B3 /* CustomARView.swift */; };
		EB1364BA2A2A2E5D008A91B3 /* CheckEyeController.swift in Sources */ = {isa = PBXBuildFile; fileRef = EB1364B92A2A2E5D008A91B3 /* CheckEyeController.swift */; };
		EB1364BC2A2A3637008A91B3 /* Coordinator.swift in Sources */ = {isa = PBXBuildFile; fileRef = EB1364BB2A2A3637008A91B3 /* Coordinator.swift */; };
		EB1364C02A2A3F2D008A91B3 /* MainCoordinator.swift in Sources */ = {isa = PBXBuildFile; fileRef = EB1364BF2A2A3F2D008A91B3 /* MainCoordinator.swift */; };
		EB1364C72A2A42CF008A91B3 /* EnterViewController.swift in Sources */ = {isa = PBXBuildFile; fileRef = EB1364C62A2A42CF008A91B3 /* EnterViewController.swift */; };
		EB1364C92A2A4869008A91B3 /* EnterViewCoordinator.swift in Sources */ = {isa = PBXBuildFile; fileRef = EB1364C82A2A4869008A91B3 /* EnterViewCoordinator.swift */; };
		EB1364CB2A2A6F6D008A91B3 /* TabBarCoordinator.swift in Sources */ = {isa = PBXBuildFile; fileRef = EB1364CA2A2A6F6D008A91B3 /* TabBarCoordinator.swift */; };
		EB1364CD2A2A75EA008A91B3 /* EyeExerciseCoordinator.swift in Sources */ = {isa = PBXBuildFile; fileRef = EB1364CC2A2A75EA008A91B3 /* EyeExerciseCoordinator.swift */; };
		EB1364CF2A2A76FD008A91B3 /* StatisticsCoordinator.swift in Sources */ = {isa = PBXBuildFile; fileRef = EB1364CE2A2A76FD008A91B3 /* StatisticsCoordinator.swift */; };
		EB1364D22A2B57B4008A91B3 /* CheckEyeViewModel.swift in Sources */ = {isa = PBXBuildFile; fileRef = EB1364D12A2B57B4008A91B3 /* CheckEyeViewModel.swift */; };
		EB147A182AC5B1A80089A7B2 /* ExerciseCell.swift in Sources */ = {isa = PBXBuildFile; fileRef = EB147A172AC5B1A80089A7B2 /* ExerciseCell.swift */; };
		EB3A247229CA339F00539CFC /* AppDelegate.swift in Sources */ = {isa = PBXBuildFile; fileRef = EB3A247129CA339F00539CFC /* AppDelegate.swift */; };
		EB3A247429CA339F00539CFC /* SceneDelegate.swift in Sources */ = {isa = PBXBuildFile; fileRef = EB3A247329CA339F00539CFC /* SceneDelegate.swift */; };
		EB3A247629CA339F00539CFC /* EyeSightViewController.swift in Sources */ = {isa = PBXBuildFile; fileRef = EB3A247529CA339F00539CFC /* EyeSightViewController.swift */; };
		EB3A247C29CA339F00539CFC /* WatchUrEyes.xcdatamodeld in Sources */ = {isa = PBXBuildFile; fileRef = EB3A247A29CA339F00539CFC /* WatchUrEyes.xcdatamodeld */; };
		EB3A247E29CA33A100539CFC /* Assets.xcassets in Resources */ = {isa = PBXBuildFile; fileRef = EB3A247D29CA33A100539CFC /* Assets.xcassets */; };
		EB3A248129CA33A100539CFC /* LaunchScreen.storyboard in Resources */ = {isa = PBXBuildFile; fileRef = EB3A247F29CA33A100539CFC /* LaunchScreen.storyboard */; };
		EB3A248C29CA33A200539CFC /* WatchUrEyesTests.swift in Sources */ = {isa = PBXBuildFile; fileRef = EB3A248B29CA33A200539CFC /* WatchUrEyesTests.swift */; };
		EB3A249629CA33A200539CFC /* WatchUrEyesUITests.swift in Sources */ = {isa = PBXBuildFile; fileRef = EB3A249529CA33A200539CFC /* WatchUrEyesUITests.swift */; };
		EB3A249829CA33A200539CFC /* WatchUrEyesUITestsLaunchTests.swift in Sources */ = {isa = PBXBuildFile; fileRef = EB3A249729CA33A200539CFC /* WatchUrEyesUITestsLaunchTests.swift */; };
		EBB5887E2AFBBE41008E1987 /* HandGestureProcessor.swift in Sources */ = {isa = PBXBuildFile; fileRef = EBB5887D2AFBBE41008E1987 /* HandGestureProcessor.swift */; };
		EBB588812AFC1F92008E1987 /* SnapKit in Frameworks */ = {isa = PBXBuildFile; productRef = EBB588802AFC1F92008E1987 /* SnapKit */; };
		EBD1FB152AFD81E000CF6449 /* Assets.swift in Sources */ = {isa = PBXBuildFile; fileRef = EBD1FB142AFD81E000CF6449 /* Assets.swift */; };
		EBD1FB172AFD86BB00CF6449 /* TableMethod.swift in Sources */ = {isa = PBXBuildFile; fileRef = EBD1FB162AFD86BB00CF6449 /* TableMethod.swift */; };
		EBD1FB192AFD93C700CF6449 /* CustomData.swift in Sources */ = {isa = PBXBuildFile; fileRef = EBD1FB182AFD93C700CF6449 /* CustomData.swift */; };
		EBD1FB1B2AFD9FA800CF6449 /* DisclaimerViewController.swift in Sources */ = {isa = PBXBuildFile; fileRef = EBD1FB1A2AFD9FA800CF6449 /* DisclaimerViewController.swift */; };
		EBD1FB1D2AFEF44900CF6449 /* Int + Extension.swift in Sources */ = {isa = PBXBuildFile; fileRef = EBD1FB1C2AFEF44900CF6449 /* Int + Extension.swift */; };
		EBD1FB1F2AFEF4D700CF6449 /* TimerView.swift in Sources */ = {isa = PBXBuildFile; fileRef = EBD1FB1E2AFEF4D700CF6449 /* TimerView.swift */; };
		EBD1FB232AFF692E00CF6449 /* AmslerViewController.swift in Sources */ = {isa = PBXBuildFile; fileRef = EBD1FB222AFF692E00CF6449 /* AmslerViewController.swift */; };
/* End PBXBuildFile section */

/* Begin PBXContainerItemProxy section */
		EB3A248829CA33A200539CFC /* PBXContainerItemProxy */ = {
			isa = PBXContainerItemProxy;
			containerPortal = EB3A246629CA339F00539CFC /* Project object */;
			proxyType = 1;
			remoteGlobalIDString = EB3A246D29CA339F00539CFC;
			remoteInfo = WatchUrEyes;
		};
		EB3A249229CA33A200539CFC /* PBXContainerItemProxy */ = {
			isa = PBXContainerItemProxy;
			containerPortal = EB3A246629CA339F00539CFC /* Project object */;
			proxyType = 1;
			remoteGlobalIDString = EB3A246D29CA339F00539CFC;
			remoteInfo = WatchUrEyes;
		};
/* End PBXContainerItemProxy section */

/* Begin PBXFileReference section */
		EB0EEA172AC6BDBF00919AF8 /* ExerciseDetailViewController.swift */ = {isa = PBXFileReference; lastKnownFileType = sourcecode.swift; path = ExerciseDetailViewController.swift; sourceTree = "<group>"; };
		EB0EEA192AC6BDD500919AF8 /* ExerciseViewModel.swift */ = {isa = PBXFileReference; lastKnownFileType = sourcecode.swift; path = ExerciseViewModel.swift; sourceTree = "<group>"; };
		EB0EEA1B2AC6F21E00919AF8 /* CameraViewController.swift */ = {isa = PBXFileReference; lastKnownFileType = sourcecode.swift; path = CameraViewController.swift; sourceTree = "<group>"; };
		EB0EEA1D2AC6F24D00919AF8 /* CameraView.swift */ = {isa = PBXFileReference; lastKnownFileType = sourcecode.swift; path = CameraView.swift; sourceTree = "<group>"; };
		EB1364A82A28C3FB008A91B3 /* SpeechRecognition.swift */ = {isa = PBXFileReference; lastKnownFileType = sourcecode.swift; path = SpeechRecognition.swift; sourceTree = "<group>"; };
		EB1364AB2A28F084008A91B3 /* gaze-tracker-master */ = {isa = PBXFileReference; lastKnownFileType = wrapper; name = "gaze-tracker-master"; path = "../gaze-tracker-master"; sourceTree = "<group>"; };
		EB1364AE2A29218A008A91B3 /* EyeTestCoordinator.swift */ = {isa = PBXFileReference; lastKnownFileType = sourcecode.swift; path = EyeTestCoordinator.swift; sourceTree = "<group>"; };
		EB1364B02A2932C9008A91B3 /* TabBarController.swift */ = {isa = PBXFileReference; lastKnownFileType = sourcecode.swift; path = TabBarController.swift; sourceTree = "<group>"; };
		EB1364B22A2937C6008A91B3 /* StatisticsViewController.swift */ = {isa = PBXFileReference; lastKnownFileType = sourcecode.swift; path = StatisticsViewController.swift; sourceTree = "<group>"; };
		EB1364B42A29EEB1008A91B3 /* EyeExerciseViewController.swift */ = {isa = PBXFileReference; lastKnownFileType = sourcecode.swift; path = EyeExerciseViewController.swift; sourceTree = "<group>"; };
		EB1364B72A2A070D008A91B3 /* CustomARView.swift */ = {isa = PBXFileReference; lastKnownFileType = sourcecode.swift; path = CustomARView.swift; sourceTree = "<group>"; };
		EB1364B92A2A2E5D008A91B3 /* CheckEyeController.swift */ = {isa = PBXFileReference; lastKnownFileType = sourcecode.swift; path = CheckEyeController.swift; sourceTree = "<group>"; };
		EB1364BB2A2A3637008A91B3 /* Coordinator.swift */ = {isa = PBXFileReference; lastKnownFileType = sourcecode.swift; path = Coordinator.swift; sourceTree = "<group>"; };
		EB1364BF2A2A3F2D008A91B3 /* MainCoordinator.swift */ = {isa = PBXFileReference; lastKnownFileType = sourcecode.swift; path = MainCoordinator.swift; sourceTree = "<group>"; };
		EB1364C62A2A42CF008A91B3 /* EnterViewController.swift */ = {isa = PBXFileReference; lastKnownFileType = sourcecode.swift; path = EnterViewController.swift; sourceTree = "<group>"; };
		EB1364C82A2A4869008A91B3 /* EnterViewCoordinator.swift */ = {isa = PBXFileReference; lastKnownFileType = sourcecode.swift; path = EnterViewCoordinator.swift; sourceTree = "<group>"; };
		EB1364CA2A2A6F6D008A91B3 /* TabBarCoordinator.swift */ = {isa = PBXFileReference; lastKnownFileType = sourcecode.swift; path = TabBarCoordinator.swift; sourceTree = "<group>"; };
		EB1364CC2A2A75EA008A91B3 /* EyeExerciseCoordinator.swift */ = {isa = PBXFileReference; lastKnownFileType = sourcecode.swift; path = EyeExerciseCoordinator.swift; sourceTree = "<group>"; };
		EB1364CE2A2A76FD008A91B3 /* StatisticsCoordinator.swift */ = {isa = PBXFileReference; lastKnownFileType = sourcecode.swift; path = StatisticsCoordinator.swift; sourceTree = "<group>"; };
		EB1364D12A2B57B4008A91B3 /* CheckEyeViewModel.swift */ = {isa = PBXFileReference; lastKnownFileType = sourcecode.swift; path = CheckEyeViewModel.swift; sourceTree = "<group>"; };
		EB147A172AC5B1A80089A7B2 /* ExerciseCell.swift */ = {isa = PBXFileReference; lastKnownFileType = sourcecode.swift; path = ExerciseCell.swift; sourceTree = "<group>"; };
		EB3A246E29CA339F00539CFC /* WatchUrEyes.app */ = {isa = PBXFileReference; explicitFileType = wrapper.application; includeInIndex = 0; path = WatchUrEyes.app; sourceTree = BUILT_PRODUCTS_DIR; };
		EB3A247129CA339F00539CFC /* AppDelegate.swift */ = {isa = PBXFileReference; lastKnownFileType = sourcecode.swift; path = AppDelegate.swift; sourceTree = "<group>"; };
		EB3A247329CA339F00539CFC /* SceneDelegate.swift */ = {isa = PBXFileReference; lastKnownFileType = sourcecode.swift; path = SceneDelegate.swift; sourceTree = "<group>"; };
		EB3A247529CA339F00539CFC /* EyeSightViewController.swift */ = {isa = PBXFileReference; lastKnownFileType = sourcecode.swift; path = EyeSightViewController.swift; sourceTree = "<group>"; };
		EB3A247B29CA339F00539CFC /* WatchUrEyes.xcdatamodel */ = {isa = PBXFileReference; lastKnownFileType = wrapper.xcdatamodel; path = WatchUrEyes.xcdatamodel; sourceTree = "<group>"; };
		EB3A247D29CA33A100539CFC /* Assets.xcassets */ = {isa = PBXFileReference; lastKnownFileType = folder.assetcatalog; path = Assets.xcassets; sourceTree = "<group>"; };
		EB3A248029CA33A100539CFC /* Base */ = {isa = PBXFileReference; lastKnownFileType = file.storyboard; name = Base; path = Base.lproj/LaunchScreen.storyboard; sourceTree = "<group>"; };
		EB3A248229CA33A100539CFC /* Info.plist */ = {isa = PBXFileReference; lastKnownFileType = text.plist.xml; path = Info.plist; sourceTree = "<group>"; };
		EB3A248729CA33A200539CFC /* WatchUrEyesTests.xctest */ = {isa = PBXFileReference; explicitFileType = wrapper.cfbundle; includeInIndex = 0; path = WatchUrEyesTests.xctest; sourceTree = BUILT_PRODUCTS_DIR; };
		EB3A248B29CA33A200539CFC /* WatchUrEyesTests.swift */ = {isa = PBXFileReference; lastKnownFileType = sourcecode.swift; path = WatchUrEyesTests.swift; sourceTree = "<group>"; };
		EB3A249129CA33A200539CFC /* WatchUrEyesUITests.xctest */ = {isa = PBXFileReference; explicitFileType = wrapper.cfbundle; includeInIndex = 0; path = WatchUrEyesUITests.xctest; sourceTree = BUILT_PRODUCTS_DIR; };
		EB3A249529CA33A200539CFC /* WatchUrEyesUITests.swift */ = {isa = PBXFileReference; lastKnownFileType = sourcecode.swift; path = WatchUrEyesUITests.swift; sourceTree = "<group>"; };
		EB3A249729CA33A200539CFC /* WatchUrEyesUITestsLaunchTests.swift */ = {isa = PBXFileReference; lastKnownFileType = sourcecode.swift; path = WatchUrEyesUITestsLaunchTests.swift; sourceTree = "<group>"; };
		EBB5887D2AFBBE41008E1987 /* HandGestureProcessor.swift */ = {isa = PBXFileReference; lastKnownFileType = sourcecode.swift; path = HandGestureProcessor.swift; sourceTree = "<group>"; };
		EBD1FB142AFD81E000CF6449 /* Assets.swift */ = {isa = PBXFileReference; lastKnownFileType = sourcecode.swift; path = Assets.swift; sourceTree = "<group>"; };
		EBD1FB162AFD86BB00CF6449 /* TableMethod.swift */ = {isa = PBXFileReference; lastKnownFileType = sourcecode.swift; path = TableMethod.swift; sourceTree = "<group>"; };
		EBD1FB182AFD93C700CF6449 /* CustomData.swift */ = {isa = PBXFileReference; lastKnownFileType = sourcecode.swift; path = CustomData.swift; sourceTree = "<group>"; };
		EBD1FB1A2AFD9FA800CF6449 /* DisclaimerViewController.swift */ = {isa = PBXFileReference; lastKnownFileType = sourcecode.swift; path = DisclaimerViewController.swift; sourceTree = "<group>"; };
		EBD1FB1C2AFEF44900CF6449 /* Int + Extension.swift */ = {isa = PBXFileReference; lastKnownFileType = sourcecode.swift; path = "Int + Extension.swift"; sourceTree = "<group>"; };
		EBD1FB1E2AFEF4D700CF6449 /* TimerView.swift */ = {isa = PBXFileReference; lastKnownFileType = sourcecode.swift; path = TimerView.swift; sourceTree = "<group>"; };
		EBD1FB222AFF692E00CF6449 /* AmslerViewController.swift */ = {isa = PBXFileReference; lastKnownFileType = sourcecode.swift; path = AmslerViewController.swift; sourceTree = "<group>"; };
/* End PBXFileReference section */

/* Begin PBXFrameworksBuildPhase section */
		EB3A246B29CA339F00539CFC /* Frameworks */ = {
			isa = PBXFrameworksBuildPhase;
			buildActionMask = 2147483647;
			files = (
				EBB588812AFC1F92008E1987 /* SnapKit in Frameworks */,
			);
			runOnlyForDeploymentPostprocessing = 0;
		};
		EB3A248429CA33A200539CFC /* Frameworks */ = {
			isa = PBXFrameworksBuildPhase;
			buildActionMask = 2147483647;
			files = (
			);
			runOnlyForDeploymentPostprocessing = 0;
		};
		EB3A248E29CA33A200539CFC /* Frameworks */ = {
			isa = PBXFrameworksBuildPhase;
			buildActionMask = 2147483647;
			files = (
			);
			runOnlyForDeploymentPostprocessing = 0;
		};
/* End PBXFrameworksBuildPhase section */

/* Begin PBXGroup section */
		EB1364AA2A28F084008A91B3 /* Packages */ = {
			isa = PBXGroup;
			children = (
				EB1364AB2A28F084008A91B3 /* gaze-tracker-master */,
			);
			name = Packages;
			sourceTree = "<group>";
		};
		EB1364AD2A29217B008A91B3 /* Routing */ = {
			isa = PBXGroup;
			children = (
				EB1364BB2A2A3637008A91B3 /* Coordinator.swift */,
				EB1364BF2A2A3F2D008A91B3 /* MainCoordinator.swift */,
				EB1364C82A2A4869008A91B3 /* EnterViewCoordinator.swift */,
				EB1364CA2A2A6F6D008A91B3 /* TabBarCoordinator.swift */,
				EB1364B02A2932C9008A91B3 /* TabBarController.swift */,
				EB1364AE2A29218A008A91B3 /* EyeTestCoordinator.swift */,
				EB1364CC2A2A75EA008A91B3 /* EyeExerciseCoordinator.swift */,
				EB1364CE2A2A76FD008A91B3 /* StatisticsCoordinator.swift */,
			);
			path = Routing;
			sourceTree = "<group>";
		};
		EB1364B62A29FECD008A91B3 /* Models */ = {
			isa = PBXGroup;
			children = (
				EBD1FB162AFD86BB00CF6449 /* TableMethod.swift */,
				EBD1FB182AFD93C700CF6449 /* CustomData.swift */,
			);
			path = Models;
			sourceTree = "<group>";
		};
		EB1364C12A2A4005008A91B3 /* Modules */ = {
			isa = PBXGroup;
			children = (
				EB1364C52A2A403C008A91B3 /* Statistics */,
				EB1364C42A2A4027008A91B3 /* Exercise */,
				EB1364C32A2A4014008A91B3 /* Entering */,
				EB1364C22A2A400B008A91B3 /* EyeTesting */,
			);
			path = Modules;
			sourceTree = "<group>";
		};
		EB1364C22A2A400B008A91B3 /* EyeTesting */ = {
			isa = PBXGroup;
			children = (
				EB3A247529CA339F00539CFC /* EyeSightViewController.swift */,
				EB1364B92A2A2E5D008A91B3 /* CheckEyeController.swift */,
				EB1364D12A2B57B4008A91B3 /* CheckEyeViewModel.swift */,
			);
			path = EyeTesting;
			sourceTree = "<group>";
		};
		EB1364C32A2A4014008A91B3 /* Entering */ = {
			isa = PBXGroup;
			children = (
				EB1364C62A2A42CF008A91B3 /* EnterViewController.swift */,
			);
			path = Entering;
			sourceTree = "<group>";
		};
		EB1364C42A2A4027008A91B3 /* Exercise */ = {
			isa = PBXGroup;
			children = (
				EBD1FB242AFF7D5700CF6449 /* SivcevViewConroller */,
				EBD1FB212AFF691600CF6449 /* AmslerTable */,
				EB1364B42A29EEB1008A91B3 /* EyeExerciseViewController.swift */,
				EB147A172AC5B1A80089A7B2 /* ExerciseCell.swift */,
				EB0EEA172AC6BDBF00919AF8 /* ExerciseDetailViewController.swift */,
				EB0EEA192AC6BDD500919AF8 /* ExerciseViewModel.swift */,
				EBD1FB1A2AFD9FA800CF6449 /* DisclaimerViewController.swift */,
			);
			path = Exercise;
			sourceTree = "<group>";
		};
		EB1364C52A2A403C008A91B3 /* Statistics */ = {
			isa = PBXGroup;
			children = (
				EB1364B22A2937C6008A91B3 /* StatisticsViewController.swift */,
			);
			path = Statistics;
			sourceTree = "<group>";
		};
		EB3A246529CA339F00539CFC = {
			isa = PBXGroup;
			children = (
				EB1364AA2A28F084008A91B3 /* Packages */,
				EB3A247029CA339F00539CFC /* WatchUrEyes */,
				EB3A248A29CA33A200539CFC /* WatchUrEyesTests */,
				EB3A249429CA33A200539CFC /* WatchUrEyesUITests */,
				EB3A246F29CA339F00539CFC /* Products */,
			);
			sourceTree = "<group>";
		};
		EB3A246F29CA339F00539CFC /* Products */ = {
			isa = PBXGroup;
			children = (
				EB3A246E29CA339F00539CFC /* WatchUrEyes.app */,
				EB3A248729CA33A200539CFC /* WatchUrEyesTests.xctest */,
				EB3A249129CA33A200539CFC /* WatchUrEyesUITests.xctest */,
			);
			name = Products;
			sourceTree = "<group>";
		};
		EB3A247029CA339F00539CFC /* WatchUrEyes */ = {
			isa = PBXGroup;
			children = (
				EBD1FB202AFEF4DB00CF6449 /* Utils */,
				EB1364C12A2A4005008A91B3 /* Modules */,
				EB1364B62A29FECD008A91B3 /* Models */,
				EB1364AD2A29217B008A91B3 /* Routing */,
				EB3A247129CA339F00539CFC /* AppDelegate.swift */,
				EB3A247329CA339F00539CFC /* SceneDelegate.swift */,
				EB3A247D29CA33A100539CFC /* Assets.xcassets */,
				EB3A247F29CA33A100539CFC /* LaunchScreen.storyboard */,
				EB3A248229CA33A100539CFC /* Info.plist */,
				EB3A247A29CA339F00539CFC /* WatchUrEyes.xcdatamodeld */,
				EB1364A82A28C3FB008A91B3 /* SpeechRecognition.swift */,
				EB1364B72A2A070D008A91B3 /* CustomARView.swift */,
				EB0EEA1B2AC6F21E00919AF8 /* CameraViewController.swift */,
				EB0EEA1D2AC6F24D00919AF8 /* CameraView.swift */,
				EBB5887D2AFBBE41008E1987 /* HandGestureProcessor.swift */,
				EBD1FB1E2AFEF4D700CF6449 /* TimerView.swift */,
			);
			path = WatchUrEyes;
			sourceTree = "<group>";
		};
		EB3A248A29CA33A200539CFC /* WatchUrEyesTests */ = {
			isa = PBXGroup;
			children = (
				EB3A248B29CA33A200539CFC /* WatchUrEyesTests.swift */,
			);
			path = WatchUrEyesTests;
			sourceTree = "<group>";
		};
		EB3A249429CA33A200539CFC /* WatchUrEyesUITests */ = {
			isa = PBXGroup;
			children = (
				EB3A249529CA33A200539CFC /* WatchUrEyesUITests.swift */,
				EB3A249729CA33A200539CFC /* WatchUrEyesUITestsLaunchTests.swift */,
			);
			path = WatchUrEyesUITests;
			sourceTree = "<group>";
		};
		EBD1FB202AFEF4DB00CF6449 /* Utils */ = {
			isa = PBXGroup;
			children = (
				EBD1FB142AFD81E000CF6449 /* Assets.swift */,
				EBD1FB1C2AFEF44900CF6449 /* Int + Extension.swift */,
			);
			path = Utils;
			sourceTree = "<group>";
		};
		EBD1FB212AFF691600CF6449 /* AmslerTable */ = {
			isa = PBXGroup;
			children = (
				EBD1FB222AFF692E00CF6449 /* AmslerViewController.swift */,
			);
			path = AmslerTable;
			sourceTree = "<group>";
		};
		EBD1FB242AFF7D5700CF6449 /* SivcevViewConroller */ = {
			isa = PBXGroup;
			children = (
			);
			path = SivcevViewConroller;
			sourceTree = "<group>";
		};
/* End PBXGroup section */

/* Begin PBXNativeTarget section */
		EB3A246D29CA339F00539CFC /* WatchUrEyes */ = {
			isa = PBXNativeTarget;
			buildConfigurationList = EB3A249B29CA33A200539CFC /* Build configuration list for PBXNativeTarget "WatchUrEyes" */;
			buildPhases = (
				EB3A246A29CA339F00539CFC /* Sources */,
				EB3A246B29CA339F00539CFC /* Frameworks */,
				EB3A246C29CA339F00539CFC /* Resources */,
			);
			buildRules = (
			);
			dependencies = (
			);
			name = WatchUrEyes;
			packageProductDependencies = (
				EBB588802AFC1F92008E1987 /* SnapKit */,
			);
			productName = WatchUrEyes;
			productReference = EB3A246E29CA339F00539CFC /* WatchUrEyes.app */;
			productType = "com.apple.product-type.application";
		};
		EB3A248629CA33A200539CFC /* WatchUrEyesTests */ = {
			isa = PBXNativeTarget;
			buildConfigurationList = EB3A249E29CA33A200539CFC /* Build configuration list for PBXNativeTarget "WatchUrEyesTests" */;
			buildPhases = (
				EB3A248329CA33A200539CFC /* Sources */,
				EB3A248429CA33A200539CFC /* Frameworks */,
				EB3A248529CA33A200539CFC /* Resources */,
			);
			buildRules = (
			);
			dependencies = (
				EB3A248929CA33A200539CFC /* PBXTargetDependency */,
			);
			name = WatchUrEyesTests;
			productName = WatchUrEyesTests;
			productReference = EB3A248729CA33A200539CFC /* WatchUrEyesTests.xctest */;
			productType = "com.apple.product-type.bundle.unit-test";
		};
		EB3A249029CA33A200539CFC /* WatchUrEyesUITests */ = {
			isa = PBXNativeTarget;
			buildConfigurationList = EB3A24A129CA33A200539CFC /* Build configuration list for PBXNativeTarget "WatchUrEyesUITests" */;
			buildPhases = (
				EB3A248D29CA33A200539CFC /* Sources */,
				EB3A248E29CA33A200539CFC /* Frameworks */,
				EB3A248F29CA33A200539CFC /* Resources */,
			);
			buildRules = (
			);
			dependencies = (
				EB3A249329CA33A200539CFC /* PBXTargetDependency */,
			);
			name = WatchUrEyesUITests;
			productName = WatchUrEyesUITests;
			productReference = EB3A249129CA33A200539CFC /* WatchUrEyesUITests.xctest */;
			productType = "com.apple.product-type.bundle.ui-testing";
		};
/* End PBXNativeTarget section */

/* Begin PBXProject section */
		EB3A246629CA339F00539CFC /* Project object */ = {
			isa = PBXProject;
			attributes = {
				BuildIndependentTargetsInParallel = 1;
				LastSwiftUpdateCheck = 1400;
				LastUpgradeCheck = 1400;
				TargetAttributes = {
					EB3A246D29CA339F00539CFC = {
						CreatedOnToolsVersion = 14.0.1;
					};
					EB3A248629CA33A200539CFC = {
						CreatedOnToolsVersion = 14.0.1;
						TestTargetID = EB3A246D29CA339F00539CFC;
					};
					EB3A249029CA33A200539CFC = {
						CreatedOnToolsVersion = 14.0.1;
						TestTargetID = EB3A246D29CA339F00539CFC;
					};
				};
			};
			buildConfigurationList = EB3A246929CA339F00539CFC /* Build configuration list for PBXProject "WatchUrEyes" */;
			compatibilityVersion = "Xcode 14.0";
			developmentRegion = en;
			hasScannedForEncodings = 0;
			knownRegions = (
				en,
				Base,
			);
			mainGroup = EB3A246529CA339F00539CFC;
			packageReferences = (
				EBB5887F2AFC1F92008E1987 /* XCRemoteSwiftPackageReference "SnapKit" */,
			);
			productRefGroup = EB3A246F29CA339F00539CFC /* Products */;
			projectDirPath = "";
			projectRoot = "";
			targets = (
				EB3A246D29CA339F00539CFC /* WatchUrEyes */,
				EB3A248629CA33A200539CFC /* WatchUrEyesTests */,
				EB3A249029CA33A200539CFC /* WatchUrEyesUITests */,
			);
		};
/* End PBXProject section */

/* Begin PBXResourcesBuildPhase section */
		EB3A246C29CA339F00539CFC /* Resources */ = {
			isa = PBXResourcesBuildPhase;
			buildActionMask = 2147483647;
			files = (
				EB3A248129CA33A100539CFC /* LaunchScreen.storyboard in Resources */,
				EB3A247E29CA33A100539CFC /* Assets.xcassets in Resources */,
			);
			runOnlyForDeploymentPostprocessing = 0;
		};
		EB3A248529CA33A200539CFC /* Resources */ = {
			isa = PBXResourcesBuildPhase;
			buildActionMask = 2147483647;
			files = (
			);
			runOnlyForDeploymentPostprocessing = 0;
		};
		EB3A248F29CA33A200539CFC /* Resources */ = {
			isa = PBXResourcesBuildPhase;
			buildActionMask = 2147483647;
			files = (
			);
			runOnlyForDeploymentPostprocessing = 0;
		};
/* End PBXResourcesBuildPhase section */

/* Begin PBXSourcesBuildPhase section */
		EB3A246A29CA339F00539CFC /* Sources */ = {
			isa = PBXSourcesBuildPhase;
			buildActionMask = 2147483647;
			files = (
				EB1364B82A2A070D008A91B3 /* CustomARView.swift in Sources */,
				EB1364CD2A2A75EA008A91B3 /* EyeExerciseCoordinator.swift in Sources */,
				EB1364C02A2A3F2D008A91B3 /* MainCoordinator.swift in Sources */,
				EB1364CB2A2A6F6D008A91B3 /* TabBarCoordinator.swift in Sources */,
				EBD1FB152AFD81E000CF6449 /* Assets.swift in Sources */,
				EB1364C92A2A4869008A91B3 /* EnterViewCoordinator.swift in Sources */,
				EB3A247C29CA339F00539CFC /* WatchUrEyes.xcdatamodeld in Sources */,
				EBD1FB1D2AFEF44900CF6449 /* Int + Extension.swift in Sources */,
				EB0EEA1C2AC6F21E00919AF8 /* CameraViewController.swift in Sources */,
				EB3A247629CA339F00539CFC /* EyeSightViewController.swift in Sources */,
				EB3A247229CA339F00539CFC /* AppDelegate.swift in Sources */,
				EBD1FB1B2AFD9FA800CF6449 /* DisclaimerViewController.swift in Sources */,
				EB1364C72A2A42CF008A91B3 /* EnterViewController.swift in Sources */,
				EB1364D22A2B57B4008A91B3 /* CheckEyeViewModel.swift in Sources */,
				EB1364CF2A2A76FD008A91B3 /* StatisticsCoordinator.swift in Sources */,
				EB1364BC2A2A3637008A91B3 /* Coordinator.swift in Sources */,
				EB0EEA1A2AC6BDD500919AF8 /* ExerciseViewModel.swift in Sources */,
				EBD1FB172AFD86BB00CF6449 /* TableMethod.swift in Sources */,
				EBD1FB192AFD93C700CF6449 /* CustomData.swift in Sources */,
				EB1364BA2A2A2E5D008A91B3 /* CheckEyeController.swift in Sources */,
				EBB5887E2AFBBE41008E1987 /* HandGestureProcessor.swift in Sources */,
				EB0EEA1E2AC6F24D00919AF8 /* CameraView.swift in Sources */,
				EB147A182AC5B1A80089A7B2 /* ExerciseCell.swift in Sources */,
				EB1364A92A28C3FB008A91B3 /* SpeechRecognition.swift in Sources */,
				EBD1FB232AFF692E00CF6449 /* AmslerViewController.swift in Sources */,
				EB1364B12A2932C9008A91B3 /* TabBarController.swift in Sources */,
				EB3A247429CA339F00539CFC /* SceneDelegate.swift in Sources */,
				EB1364B52A29EEB1008A91B3 /* EyeExerciseViewController.swift in Sources */,
				EBD1FB1F2AFEF4D700CF6449 /* TimerView.swift in Sources */,
				EB1364B32A2937C6008A91B3 /* StatisticsViewController.swift in Sources */,
				EB1364AF2A29218A008A91B3 /* EyeTestCoordinator.swift in Sources */,
				EB0EEA182AC6BDBF00919AF8 /* ExerciseDetailViewController.swift in Sources */,
			);
			runOnlyForDeploymentPostprocessing = 0;
		};
		EB3A248329CA33A200539CFC /* Sources */ = {
			isa = PBXSourcesBuildPhase;
			buildActionMask = 2147483647;
			files = (
				EB3A248C29CA33A200539CFC /* WatchUrEyesTests.swift in Sources */,
			);
			runOnlyForDeploymentPostprocessing = 0;
		};
		EB3A248D29CA33A200539CFC /* Sources */ = {
			isa = PBXSourcesBuildPhase;
			buildActionMask = 2147483647;
			files = (
				EB3A249629CA33A200539CFC /* WatchUrEyesUITests.swift in Sources */,
				EB3A249829CA33A200539CFC /* WatchUrEyesUITestsLaunchTests.swift in Sources */,
			);
			runOnlyForDeploymentPostprocessing = 0;
		};
/* End PBXSourcesBuildPhase section */

/* Begin PBXTargetDependency section */
		EB3A248929CA33A200539CFC /* PBXTargetDependency */ = {
			isa = PBXTargetDependency;
			target = EB3A246D29CA339F00539CFC /* WatchUrEyes */;
			targetProxy = EB3A248829CA33A200539CFC /* PBXContainerItemProxy */;
		};
		EB3A249329CA33A200539CFC /* PBXTargetDependency */ = {
			isa = PBXTargetDependency;
			target = EB3A246D29CA339F00539CFC /* WatchUrEyes */;
			targetProxy = EB3A249229CA33A200539CFC /* PBXContainerItemProxy */;
		};
/* End PBXTargetDependency section */

/* Begin PBXVariantGroup section */
		EB3A247F29CA33A100539CFC /* LaunchScreen.storyboard */ = {
			isa = PBXVariantGroup;
			children = (
				EB3A248029CA33A100539CFC /* Base */,
			);
			name = LaunchScreen.storyboard;
			sourceTree = "<group>";
		};
/* End PBXVariantGroup section */

/* Begin XCBuildConfiguration section */
		EB3A249929CA33A200539CFC /* Debug */ = {
			isa = XCBuildConfiguration;
			buildSettings = {
				ALWAYS_SEARCH_USER_PATHS = NO;
				CLANG_ANALYZER_NONNULL = YES;
				CLANG_ANALYZER_NUMBER_OBJECT_CONVERSION = YES_AGGRESSIVE;
				CLANG_CXX_LANGUAGE_STANDARD = "gnu++20";
				CLANG_ENABLE_MODULES = YES;
				CLANG_ENABLE_OBJC_ARC = YES;
				CLANG_ENABLE_OBJC_WEAK = YES;
				CLANG_WARN_BLOCK_CAPTURE_AUTORELEASING = YES;
				CLANG_WARN_BOOL_CONVERSION = YES;
				CLANG_WARN_COMMA = YES;
				CLANG_WARN_CONSTANT_CONVERSION = YES;
				CLANG_WARN_DEPRECATED_OBJC_IMPLEMENTATIONS = YES;
				CLANG_WARN_DIRECT_OBJC_ISA_USAGE = YES_ERROR;
				CLANG_WARN_DOCUMENTATION_COMMENTS = YES;
				CLANG_WARN_EMPTY_BODY = YES;
				CLANG_WARN_ENUM_CONVERSION = YES;
				CLANG_WARN_INFINITE_RECURSION = YES;
				CLANG_WARN_INT_CONVERSION = YES;
				CLANG_WARN_NON_LITERAL_NULL_CONVERSION = YES;
				CLANG_WARN_OBJC_IMPLICIT_RETAIN_SELF = YES;
				CLANG_WARN_OBJC_LITERAL_CONVERSION = YES;
				CLANG_WARN_OBJC_ROOT_CLASS = YES_ERROR;
				CLANG_WARN_QUOTED_INCLUDE_IN_FRAMEWORK_HEADER = YES;
				CLANG_WARN_RANGE_LOOP_ANALYSIS = YES;
				CLANG_WARN_STRICT_PROTOTYPES = YES;
				CLANG_WARN_SUSPICIOUS_MOVE = YES;
				CLANG_WARN_UNGUARDED_AVAILABILITY = YES_AGGRESSIVE;
				CLANG_WARN_UNREACHABLE_CODE = YES;
				CLANG_WARN__DUPLICATE_METHOD_MATCH = YES;
				COPY_PHASE_STRIP = NO;
				DEBUG_INFORMATION_FORMAT = dwarf;
				ENABLE_STRICT_OBJC_MSGSEND = YES;
				ENABLE_TESTABILITY = YES;
				GCC_C_LANGUAGE_STANDARD = gnu11;
				GCC_DYNAMIC_NO_PIC = NO;
				GCC_NO_COMMON_BLOCKS = YES;
				GCC_OPTIMIZATION_LEVEL = 0;
				GCC_PREPROCESSOR_DEFINITIONS = (
					"DEBUG=1",
					"$(inherited)",
				);
				GCC_WARN_64_TO_32_BIT_CONVERSION = YES;
				GCC_WARN_ABOUT_RETURN_TYPE = YES_ERROR;
				GCC_WARN_UNDECLARED_SELECTOR = YES;
				GCC_WARN_UNINITIALIZED_AUTOS = YES_AGGRESSIVE;
				GCC_WARN_UNUSED_FUNCTION = YES;
				GCC_WARN_UNUSED_VARIABLE = YES;
				INFOPLIST_KEY_UIUserInterfaceStyle = Dark;
				IPHONEOS_DEPLOYMENT_TARGET = 16.0;
				MTL_ENABLE_DEBUG_INFO = INCLUDE_SOURCE;
				MTL_FAST_MATH = YES;
				ONLY_ACTIVE_ARCH = YES;
				SDKROOT = iphoneos;
				SWIFT_ACTIVE_COMPILATION_CONDITIONS = DEBUG;
				SWIFT_OPTIMIZATION_LEVEL = "-Onone";
			};
			name = Debug;
		};
		EB3A249A29CA33A200539CFC /* Release */ = {
			isa = XCBuildConfiguration;
			buildSettings = {
				ALWAYS_SEARCH_USER_PATHS = NO;
				CLANG_ANALYZER_NONNULL = YES;
				CLANG_ANALYZER_NUMBER_OBJECT_CONVERSION = YES_AGGRESSIVE;
				CLANG_CXX_LANGUAGE_STANDARD = "gnu++20";
				CLANG_ENABLE_MODULES = YES;
				CLANG_ENABLE_OBJC_ARC = YES;
				CLANG_ENABLE_OBJC_WEAK = YES;
				CLANG_WARN_BLOCK_CAPTURE_AUTORELEASING = YES;
				CLANG_WARN_BOOL_CONVERSION = YES;
				CLANG_WARN_COMMA = YES;
				CLANG_WARN_CONSTANT_CONVERSION = YES;
				CLANG_WARN_DEPRECATED_OBJC_IMPLEMENTATIONS = YES;
				CLANG_WARN_DIRECT_OBJC_ISA_USAGE = YES_ERROR;
				CLANG_WARN_DOCUMENTATION_COMMENTS = YES;
				CLANG_WARN_EMPTY_BODY = YES;
				CLANG_WARN_ENUM_CONVERSION = YES;
				CLANG_WARN_INFINITE_RECURSION = YES;
				CLANG_WARN_INT_CONVERSION = YES;
				CLANG_WARN_NON_LITERAL_NULL_CONVERSION = YES;
				CLANG_WARN_OBJC_IMPLICIT_RETAIN_SELF = YES;
				CLANG_WARN_OBJC_LITERAL_CONVERSION = YES;
				CLANG_WARN_OBJC_ROOT_CLASS = YES_ERROR;
				CLANG_WARN_QUOTED_INCLUDE_IN_FRAMEWORK_HEADER = YES;
				CLANG_WARN_RANGE_LOOP_ANALYSIS = YES;
				CLANG_WARN_STRICT_PROTOTYPES = YES;
				CLANG_WARN_SUSPICIOUS_MOVE = YES;
				CLANG_WARN_UNGUARDED_AVAILABILITY = YES_AGGRESSIVE;
				CLANG_WARN_UNREACHABLE_CODE = YES;
				CLANG_WARN__DUPLICATE_METHOD_MATCH = YES;
				COPY_PHASE_STRIP = NO;
				DEBUG_INFORMATION_FORMAT = "dwarf-with-dsym";
				ENABLE_NS_ASSERTIONS = NO;
				ENABLE_STRICT_OBJC_MSGSEND = YES;
				GCC_C_LANGUAGE_STANDARD = gnu11;
				GCC_NO_COMMON_BLOCKS = YES;
				GCC_WARN_64_TO_32_BIT_CONVERSION = YES;
				GCC_WARN_ABOUT_RETURN_TYPE = YES_ERROR;
				GCC_WARN_UNDECLARED_SELECTOR = YES;
				GCC_WARN_UNINITIALIZED_AUTOS = YES_AGGRESSIVE;
				GCC_WARN_UNUSED_FUNCTION = YES;
				GCC_WARN_UNUSED_VARIABLE = YES;
				INFOPLIST_KEY_UIUserInterfaceStyle = Dark;
				IPHONEOS_DEPLOYMENT_TARGET = 16.0;
				MTL_ENABLE_DEBUG_INFO = NO;
				MTL_FAST_MATH = YES;
				SDKROOT = iphoneos;
				SWIFT_COMPILATION_MODE = wholemodule;
				SWIFT_OPTIMIZATION_LEVEL = "-O";
				VALIDATE_PRODUCT = YES;
			};
			name = Release;
		};
		EB3A249C29CA33A200539CFC /* Debug */ = {
			isa = XCBuildConfiguration;
			buildSettings = {
				ASSETCATALOG_COMPILER_APPICON_NAME = AppIcon;
				ASSETCATALOG_COMPILER_GLOBAL_ACCENT_COLOR_NAME = AccentColor;
				CODE_SIGN_STYLE = Automatic;
				CURRENT_PROJECT_VERSION = 1;
				DEVELOPMENT_TEAM = 7NHN3ZNUVJ;
				GENERATE_INFOPLIST_FILE = YES;
				INFOPLIST_FILE = WatchUrEyes/Info.plist;
				INFOPLIST_KEY_NSCameraUsageDescription = "Needed for AR usage";
				INFOPLIST_KEY_NSFaceIDUsageDescription = "Please, allow to use FaceID";
				INFOPLIST_KEY_UILaunchStoryboardName = LaunchScreen;
				INFOPLIST_KEY_UISupportedInterfaceOrientations_iPad = "UIInterfaceOrientationPortrait UIInterfaceOrientationPortraitUpsideDown UIInterfaceOrientationLandscapeLeft UIInterfaceOrientationLandscapeRight";
				INFOPLIST_KEY_UISupportedInterfaceOrientations_iPhone = "UIInterfaceOrientationPortrait UIInterfaceOrientationLandscapeLeft UIInterfaceOrientationLandscapeRight";
				IPHONEOS_DEPLOYMENT_TARGET = 15.0;
				LD_RUNPATH_SEARCH_PATHS = (
					"$(inherited)",
					"@executable_path/Frameworks",
				);
				MARKETING_VERSION = 1.0;
				PRODUCT_BUNDLE_IDENTIFIER = MaratGin.WatchUrEyes;
				PRODUCT_NAME = "$(TARGET_NAME)";
				SWIFT_EMIT_LOC_STRINGS = YES;
				SWIFT_VERSION = 5.0;
				TARGETED_DEVICE_FAMILY = "1,2";
			};
			name = Debug;
		};
		EB3A249D29CA33A200539CFC /* Release */ = {
			isa = XCBuildConfiguration;
			buildSettings = {
				ASSETCATALOG_COMPILER_APPICON_NAME = AppIcon;
				ASSETCATALOG_COMPILER_GLOBAL_ACCENT_COLOR_NAME = AccentColor;
				CODE_SIGN_STYLE = Automatic;
				CURRENT_PROJECT_VERSION = 1;
				DEVELOPMENT_TEAM = 7NHN3ZNUVJ;
				GENERATE_INFOPLIST_FILE = YES;
				INFOPLIST_FILE = WatchUrEyes/Info.plist;
				INFOPLIST_KEY_NSCameraUsageDescription = "Needed for AR usage";
				INFOPLIST_KEY_NSFaceIDUsageDescription = "Please, allow to use FaceID";
				INFOPLIST_KEY_UILaunchStoryboardName = LaunchScreen;
				INFOPLIST_KEY_UISupportedInterfaceOrientations_iPad = "UIInterfaceOrientationPortrait UIInterfaceOrientationPortraitUpsideDown UIInterfaceOrientationLandscapeLeft UIInterfaceOrientationLandscapeRight";
				INFOPLIST_KEY_UISupportedInterfaceOrientations_iPhone = "UIInterfaceOrientationPortrait UIInterfaceOrientationLandscapeLeft UIInterfaceOrientationLandscapeRight";
				IPHONEOS_DEPLOYMENT_TARGET = 15.0;
				LD_RUNPATH_SEARCH_PATHS = (
					"$(inherited)",
					"@executable_path/Frameworks",
				);
				MARKETING_VERSION = 1.0;
				PRODUCT_BUNDLE_IDENTIFIER = MaratGin.WatchUrEyes;
				PRODUCT_NAME = "$(TARGET_NAME)";
				SWIFT_EMIT_LOC_STRINGS = YES;
				SWIFT_VERSION = 5.0;
				TARGETED_DEVICE_FAMILY = "1,2";
			};
			name = Release;
		};
		EB3A249F29CA33A200539CFC /* Debug */ = {
			isa = XCBuildConfiguration;
			buildSettings = {
				ALWAYS_EMBED_SWIFT_STANDARD_LIBRARIES = YES;
				BUNDLE_LOADER = "$(TEST_HOST)";
				CODE_SIGN_STYLE = Automatic;
				CURRENT_PROJECT_VERSION = 1;
				DEVELOPMENT_TEAM = 7NHN3ZNUVJ;
				GENERATE_INFOPLIST_FILE = YES;
				IPHONEOS_DEPLOYMENT_TARGET = 16.0;
				MARKETING_VERSION = 1.0;
				PRODUCT_BUNDLE_IDENTIFIER = MaratGin.WatchUrEyesTests;
				PRODUCT_NAME = "$(TARGET_NAME)";
				SWIFT_EMIT_LOC_STRINGS = NO;
				SWIFT_VERSION = 5.0;
				TARGETED_DEVICE_FAMILY = "1,2";
				TEST_HOST = "$(BUILT_PRODUCTS_DIR)/WatchUrEyes.app/$(BUNDLE_EXECUTABLE_FOLDER_PATH)/WatchUrEyes";
			};
			name = Debug;
		};
		EB3A24A029CA33A200539CFC /* Release */ = {
			isa = XCBuildConfiguration;
			buildSettings = {
				ALWAYS_EMBED_SWIFT_STANDARD_LIBRARIES = YES;
				BUNDLE_LOADER = "$(TEST_HOST)";
				CODE_SIGN_STYLE = Automatic;
				CURRENT_PROJECT_VERSION = 1;
				DEVELOPMENT_TEAM = 7NHN3ZNUVJ;
				GENERATE_INFOPLIST_FILE = YES;
				IPHONEOS_DEPLOYMENT_TARGET = 16.0;
				MARKETING_VERSION = 1.0;
				PRODUCT_BUNDLE_IDENTIFIER = MaratGin.WatchUrEyesTests;
				PRODUCT_NAME = "$(TARGET_NAME)";
				SWIFT_EMIT_LOC_STRINGS = NO;
				SWIFT_VERSION = 5.0;
				TARGETED_DEVICE_FAMILY = "1,2";
				TEST_HOST = "$(BUILT_PRODUCTS_DIR)/WatchUrEyes.app/$(BUNDLE_EXECUTABLE_FOLDER_PATH)/WatchUrEyes";
			};
			name = Release;
		};
		EB3A24A229CA33A200539CFC /* Debug */ = {
			isa = XCBuildConfiguration;
			buildSettings = {
				ALWAYS_EMBED_SWIFT_STANDARD_LIBRARIES = YES;
				CODE_SIGN_STYLE = Automatic;
				CURRENT_PROJECT_VERSION = 1;
				DEVELOPMENT_TEAM = 7NHN3ZNUVJ;
				GENERATE_INFOPLIST_FILE = YES;
				MARKETING_VERSION = 1.0;
				PRODUCT_BUNDLE_IDENTIFIER = MaratGin.WatchUrEyesUITests;
				PRODUCT_NAME = "$(TARGET_NAME)";
				SWIFT_EMIT_LOC_STRINGS = NO;
				SWIFT_VERSION = 5.0;
				TARGETED_DEVICE_FAMILY = "1,2";
				TEST_TARGET_NAME = WatchUrEyes;
			};
			name = Debug;
		};
		EB3A24A329CA33A200539CFC /* Release */ = {
			isa = XCBuildConfiguration;
			buildSettings = {
				ALWAYS_EMBED_SWIFT_STANDARD_LIBRARIES = YES;
				CODE_SIGN_STYLE = Automatic;
				CURRENT_PROJECT_VERSION = 1;
				DEVELOPMENT_TEAM = 7NHN3ZNUVJ;
				GENERATE_INFOPLIST_FILE = YES;
				MARKETING_VERSION = 1.0;
				PRODUCT_BUNDLE_IDENTIFIER = MaratGin.WatchUrEyesUITests;
				PRODUCT_NAME = "$(TARGET_NAME)";
				SWIFT_EMIT_LOC_STRINGS = NO;
				SWIFT_VERSION = 5.0;
				TARGETED_DEVICE_FAMILY = "1,2";
				TEST_TARGET_NAME = WatchUrEyes;
			};
			name = Release;
		};
/* End XCBuildConfiguration section */

/* Begin XCConfigurationList section */
		EB3A246929CA339F00539CFC /* Build configuration list for PBXProject "WatchUrEyes" */ = {
			isa = XCConfigurationList;
			buildConfigurations = (
				EB3A249929CA33A200539CFC /* Debug */,
				EB3A249A29CA33A200539CFC /* Release */,
			);
			defaultConfigurationIsVisible = 0;
			defaultConfigurationName = Release;
		};
		EB3A249B29CA33A200539CFC /* Build configuration list for PBXNativeTarget "WatchUrEyes" */ = {
			isa = XCConfigurationList;
			buildConfigurations = (
				EB3A249C29CA33A200539CFC /* Debug */,
				EB3A249D29CA33A200539CFC /* Release */,
			);
			defaultConfigurationIsVisible = 0;
			defaultConfigurationName = Release;
		};
		EB3A249E29CA33A200539CFC /* Build configuration list for PBXNativeTarget "WatchUrEyesTests" */ = {
			isa = XCConfigurationList;
			buildConfigurations = (
				EB3A249F29CA33A200539CFC /* Debug */,
				EB3A24A029CA33A200539CFC /* Release */,
			);
			defaultConfigurationIsVisible = 0;
			defaultConfigurationName = Release;
		};
		EB3A24A129CA33A200539CFC /* Build configuration list for PBXNativeTarget "WatchUrEyesUITests" */ = {
			isa = XCConfigurationList;
			buildConfigurations = (
				EB3A24A229CA33A200539CFC /* Debug */,
				EB3A24A329CA33A200539CFC /* Release */,
			);
			defaultConfigurationIsVisible = 0;
			defaultConfigurationName = Release;
		};
/* End XCConfigurationList section */

/* Begin XCRemoteSwiftPackageReference section */
		EBB5887F2AFC1F92008E1987 /* XCRemoteSwiftPackageReference "SnapKit" */ = {
			isa = XCRemoteSwiftPackageReference;
			repositoryURL = "https://github.com/SnapKit/SnapKit";
			requirement = {
				kind = upToNextMajorVersion;
				minimumVersion = 5.0.0;
			};
		};
/* End XCRemoteSwiftPackageReference section */

/* Begin XCSwiftPackageProductDependency section */
		EBB588802AFC1F92008E1987 /* SnapKit */ = {
			isa = XCSwiftPackageProductDependency;
			package = EBB5887F2AFC1F92008E1987 /* XCRemoteSwiftPackageReference "SnapKit" */;
			productName = SnapKit;
		};
/* End XCSwiftPackageProductDependency section */

/* Begin XCVersionGroup section */
		EB3A247A29CA339F00539CFC /* WatchUrEyes.xcdatamodeld */ = {
			isa = XCVersionGroup;
			children = (
				EB3A247B29CA339F00539CFC /* WatchUrEyes.xcdatamodel */,
			);
			currentVersion = EB3A247B29CA339F00539CFC /* WatchUrEyes.xcdatamodel */;
			path = WatchUrEyes.xcdatamodeld;
			sourceTree = "<group>";
			versionGroupType = wrapper.xcdatamodel;
		};
/* End XCVersionGroup section */
	};
	rootObject = EB3A246629CA339F00539CFC /* Project object */;
}
